PODS:
  - EL_MoudleALib (0.0.2):
    - MediaService
  - EL_MoudleBLib (0.0.2):
    - MediaService
  - EL_ProtocolLib (0.1.0)
  - MediaService (0.0.1)

DEPENDENCIES:
  - EL_MoudleALib (from `../LocalRepo/EL_MoudleALib`)
  - EL_MoudleBLib (from `../LocalRepo/EL_MoudleBLib`)
  - EL_ProtocolLib (from `../LocalRepo/EL_ProtocolLib`)
  - MediaService (from `../LocalRepo/MediaService`)

EXTERNAL SOURCES:
  EL_MoudleALib:
    :path: "../LocalRepo/EL_MoudleALib"
  EL_MoudleBLib:
    :path: "../LocalRepo/EL_MoudleBLib"
  EL_ProtocolLib:
    :path: "../LocalRepo/EL_ProtocolLib"
  MediaService:
    :path: "../LocalRepo/MediaService"

SPEC CHECKSUMS:
  EL_MoudleALib: cd809dee00501203396da61c8910040424413b5f
  EL_MoudleBLib: 0d44a6a0641f711d84e563b3ff8c7a961ff0de8d
  EL_ProtocolLib: 9f41669f774d1db963bd8e8e61a4c471551d77b4
  MediaService: 3ed4d388c6ef409b7024e3f237ff453710b50e65

PODFILE CHECKSUM: e3b050633f7a082af6021dee8e20ccb314dc1909

COCOAPODS: 1.8.4
